
Microsoft Visual Studio Solution File, Format Version 12.00
# Visual Studio 15
VisualStudioVersion = 15.0.28010.2041
MinimumVisualStudioVersion = 10.0.40219.1
Project("{FAE04EC0-301F-11D3-BF4B-00C04F79EFBC}") = "CommonBase", "CommonBase\CommonBase.csproj", "{EB301367-DDD4-404A-9A41-BE7EFDB0B3CD}"
EndProject
Project("{FAE04EC0-301F-11D3-BF4B-00C04F79EFBC}") = "TumoTest", "TumoTest\TumoTest.csproj", "{FD11EF8A-E226-4E98-BDB8-F306AED30011}"
EndProject
Project("{FAE04EC0-301F-11D3-BF4B-00C04F79EFBC}") = "Servers", "Servers\Servers.csproj", "{3B670525-B63C-41FC-8545-177966E74C95}"
EndProject
Project("{FAE04EC0-301F-11D3-BF4B-00C04F79EFBC}") = "Clients", "Clients\Clients.csproj", "{37709CD6-01BD-428E-BA66-D95B9C343AA9}"
EndProject
Global
	GlobalSection(SolutionConfigurationPlatforms) = preSolution
		Debug|Any CPU = Debug|Any CPU
		Release|Any CPU = Release|Any CPU
	EndGlobalSection
	GlobalSection(ProjectConfigurationPlatforms) = postSolution
		{EB301367-DDD4-404A-9A41-BE7EFDB0B3CD}.Debug|Any CPU.ActiveCfg = Debug|Any CPU
		{EB301367-DDD4-404A-9A41-BE7EFDB0B3CD}.Debug|Any CPU.Build.0 = Debug|Any CPU
		{EB301367-DDD4-404A-9A41-BE7EFDB0B3CD}.Release|Any CPU.ActiveCfg = Debug|Any CPU
		{EB301367-DDD4-404A-9A41-BE7EFDB0B3CD}.Release|Any CPU.Build.0 = Debug|Any CPU
		{FD11EF8A-E226-4E98-BDB8-F306AED30011}.Debug|Any CPU.ActiveCfg = Debug|Any CPU
		{FD11EF8A-E226-4E98-BDB8-F306AED30011}.Debug|Any CPU.Build.0 = Debug|Any CPU
		{FD11EF8A-E226-4E98-BDB8-F306AED30011}.Release|Any CPU.ActiveCfg = Release|Any CPU
		{FD11EF8A-E226-4E98-BDB8-F306AED30011}.Release|Any CPU.Build.0 = Release|Any CPU
		{3B670525-B63C-41FC-8545-177966E74C95}.Debug|Any CPU.ActiveCfg = Debug|Any CPU
		{3B670525-B63C-41FC-8545-177966E74C95}.Debug|Any CPU.Build.0 = Debug|Any CPU
		{3B670525-B63C-41FC-8545-177966E74C95}.Release|Any CPU.ActiveCfg = Release|Any CPU
		{3B670525-B63C-41FC-8545-177966E74C95}.Release|Any CPU.Build.0 = Release|Any CPU
		{37709CD6-01BD-428E-BA66-D95B9C343AA9}.Debug|Any CPU.ActiveCfg = Debug|Any CPU
		{37709CD6-01BD-428E-BA66-D95B9C343AA9}.Debug|Any CPU.Build.0 = Debug|Any CPU
		{37709CD6-01BD-428E-BA66-D95B9C343AA9}.Release|Any CPU.ActiveCfg = Release|Any CPU
		{37709CD6-01BD-428E-BA66-D95B9C343AA9}.Release|Any CPU.Build.0 = Release|Any CPU
	EndGlobalSection
	GlobalSection(SolutionProperties) = preSolution
		HideSolutionNode = FALSE
	EndGlobalSection
	GlobalSection(ExtensibilityGlobals) = postSolution
		SolutionGuid = {2531F241-A564-4BB2-84CB-54BF1DAC38C6}
	EndGlobalSection
EndGlobal
